
Microsoft Visual Studio Solution File, Format Version 12.00
# Visual Studio Version 16
VisualStudioVersion = 16.0.29709.97
MinimumVisualStudioVersion = 10.0.40219.1
Project("{8BC9CEB8-8B4A-11D0-8D11-00A0C91BC942}") = "XiaoXueQi", "XiaoXueQi.vcxproj", "{725C8E0A-2DD5-495B-B37C-05B3AFED9ACE}"
EndProject
Global
	GlobalSection(SolutionConfigurationPlatforms) = preSolution
		Debug|x64 = Debug|x64
		Debug|x86 = Debug|x86
		Release|x64 = Release|x64
		Release|x86 = Release|x86
	EndGlobalSection
	GlobalSection(ProjectConfigurationPlatforms) = postSolution
		{725C8E0A-2DD5-495B-B37C-05B3AFED9ACE}.Debug|x64.ActiveCfg = Debug|x64
		{725C8E0A-2DD5-495B-B37C-05B3AFED9ACE}.Debug|x64.Build.0 = Debug|x64
		{725C8E0A-2DD5-495B-B37C-05B3AFED9ACE}.Debug|x86.ActiveCfg = Debug|Win32
		{725C8E0A-2DD5-495B-B37C-05B3AFED9ACE}.Debug|x86.Build.0 = Debug|Win32
		{725C8E0A-2DD5-495B-B37C-05B3AFED9ACE}.Release|x64.ActiveCfg = Release|x64
		{725C8E0A-2DD5-495B-B37C-05B3AFED9ACE}.Release|x64.Build.0 = Release|x64
		{725C8E0A-2DD5-495B-B37C-05B3AFED9ACE}.Release|x86.ActiveCfg = Release|Win32
		{725C8E0A-2DD5-495B-B37C-05B3AFED9ACE}.Release|x86.Build.0 = Release|Win32
	EndGlobalSection
	GlobalSection(SolutionProperties) = preSolution
		HideSolutionNode = FALSE
	EndGlobalSection
	GlobalSection(ExtensibilityGlobals) = postSolution
		SolutionGuid = {50CF2150-FB70-45D1-AACE-67A2E2412579}
	EndGlobalSection
EndGlobal
